// !$*UTF8*$!
{
	archiveVersion = 1;
	classes = {
	};
	objectVersion = 46;
	objects = {

/* Begin PBXBuildFile section */
		DDC832041A83EBDF00EDD264 /* main.m in Sources */ = {isa = PBXBuildFile; fileRef = DDC832031A83EBDF00EDD264 /* main.m */; };
		DDC832121A83EC6B00EDD264 /* PESSOA.m in Sources */ = {isa = PBXBuildFile; fileRef = DDC832111A83EC6B00EDD264 /* PESSOA.m */; };
		DDC832151A83EC9600EDD264 /* ALUNO.m in Sources */ = {isa = PBXBuildFile; fileRef = DDC832141A83EC9600EDD264 /* ALUNO.m */; };
		DDC832181A83ECAC00EDD264 /* PROFESSOR.m in Sources */ = {isa = PBXBuildFile; fileRef = DDC832171A83ECAC00EDD264 /* PROFESSOR.m */; };
/* End PBXBuildFile section */

/* Begin PBXCopyFilesBuildPhase section */
		DDC831FE1A83EBDF00EDD264 /* CopyFiles */ = {
			isa = PBXCopyFilesBuildPhase;
			buildActionMask = 2147483647;
			dstPath = /usr/share/man/man1/;
			dstSubfolderSpec = 0;
			files = (
			);
			runOnlyForDeploymentPostprocessing = 1;
		};
/* End PBXCopyFilesBuildPhase section */

/* Begin PBXFileReference section */
		DDC832001A83EBDF00EDD264 /* projeto 2.2 */ = {isa = PBXFileReference; explicitFileType = "compiled.mach-o.executable"; includeInIndex = 0; path = "projeto 2.2"; sourceTree = BUILT_PRODUCTS_DIR; };
		DDC832031A83EBDF00EDD264 /* main.m */ = {isa = PBXFileReference; lastKnownFileType = sourcecode.c.objc; path = main.m; sourceTree = "<group>"; };
		DDC832101A83EC6B00EDD264 /* PESSOA.h */ = {isa = PBXFileReference; fileEncoding = 4; lastKnownFileType = sourcecode.c.h; path = PESSOA.h; sourceTree = "<group>"; };
		DDC832111A83EC6B00EDD264 /* PESSOA.m */ = {isa = PBXFileReference; fileEncoding = 4; lastKnownFileType = sourcecode.c.objc; path = PESSOA.m; sourceTree = "<group>"; };
		DDC832131A83EC9600EDD264 /* ALUNO.h */ = {isa = PBXFileReference; fileEncoding = 4; lastKnownFileType = sourcecode.c.h; path = ALUNO.h; sourceTree = "<group>"; };
		DDC832141A83EC9600EDD264 /* ALUNO.m */ = {isa = PBXFileReference; fileEncoding = 4; lastKnownFileType = sourcecode.c.objc; path = ALUNO.m; sourceTree = "<group>"; };
		DDC832161A83ECAC00EDD264 /* PROFESSOR.h */ = {isa = PBXFileReference; fileEncoding = 4; lastKnownFileType = sourcecode.c.h; path = PROFESSOR.h; sourceTree = "<group>"; };
		DDC832171A83ECAC00EDD264 /* PROFESSOR.m */ = {isa = PBXFileReference; fileEncoding = 4; lastKnownFileType = sourcecode.c.objc; path = PROFESSOR.m; sourceTree = "<group>"; };
/* End PBXFileReference section */

/* Begin PBXFrameworksBuildPhase section */
		DDC831FD1A83EBDF00EDD264 /* Frameworks */ = {
			isa = PBXFrameworksBuildPhase;
			buildActionMask = 2147483647;
			files = (
			);
			runOnlyForDeploymentPostprocessing = 0;
		};
/* End PBXFrameworksBuildPhase section */

/* Begin PBXGroup section */
		DDC831F71A83EBDF00EDD264 = {
			isa = PBXGroup;
			children = (
				DDC832161A83ECAC00EDD264 /* PROFESSOR.h */,
				DDC832171A83ECAC00EDD264 /* PROFESSOR.m */,
				DDC832131A83EC9600EDD264 /* ALUNO.h */,
				DDC832141A83EC9600EDD264 /* ALUNO.m */,
				DDC832101A83EC6B00EDD264 /* PESSOA.h */,
				DDC832111A83EC6B00EDD264 /* PESSOA.m */,
				DDC832021A83EBDF00EDD264 /* projeto 2.2 */,
				DDC832011A83EBDF00EDD264 /* Products */,
			);
			sourceTree = "<group>";
		};
		DDC832011A83EBDF00EDD264 /* Products */ = {
			isa = PBXGroup;
			children = (
				DDC832001A83EBDF00EDD264 /* projeto 2.2 */,
			);
			name = Products;
			sourceTree = "<group>";
		};
		DDC832021A83EBDF00EDD264 /* projeto 2.2 */ = {
			isa = PBXGroup;
			children = (
				DDC832031A83EBDF00EDD264 /* main.m */,
			);
			path = "projeto 2.2";
			sourceTree = "<group>";
		};
/* End PBXGroup section */

/* Begin PBXNativeTarget section */
		DDC831FF1A83EBDF00EDD264 /* projeto 2.2 */ = {
			isa = PBXNativeTarget;
			buildConfigurationList = DDC832071A83EBDF00EDD264 /* Build configuration list for PBXNativeTarget "projeto 2.2" */;
			buildPhases = (
				DDC831FC1A83EBDF00EDD264 /* Sources */,
				DDC831FD1A83EBDF00EDD264 /* Frameworks */,
				DDC831FE1A83EBDF00EDD264 /* CopyFiles */,
			);
			buildRules = (
			);
			dependencies = (
			);
			name = "projeto 2.2";
			productName = "projeto 2.2";
			productReference = DDC832001A83EBDF00EDD264 /* projeto 2.2 */;
			productType = "com.apple.product-type.tool";
		};
/* End PBXNativeTarget section */

/* Begin PBXProject section */
		DDC831F81A83EBDF00EDD264 /* Project object */ = {
			isa = PBXProject;
			attributes = {
				LastUpgradeCheck = 0610;
				ORGANIZATIONNAME = "Matheus Amancio Seixeiro";
				TargetAttributes = {
					DDC831FF1A83EBDF00EDD264 = {
						CreatedOnToolsVersion = 6.1.1;
					};
				};
			};
			buildConfigurationList = DDC831FB1A83EBDF00EDD264 /* Build configuration list for PBXProject "projeto 2.2" */;
			compatibilityVersion = "Xcode 3.2";
			developmentRegion = English;
			hasScannedForEncodings = 0;
			knownRegions = (
				en,
			);
			mainGroup = DDC831F71A83EBDF00EDD264;
			productRefGroup = DDC832011A83EBDF00EDD264 /* Products */;
			projectDirPath = "";
			projectRoot = "";
			targets = (
				DDC831FF1A83EBDF00EDD264 /* projeto 2.2 */,
			);
		};
/* End PBXProject section */

/* Begin PBXSourcesBuildPhase section */
		DDC831FC1A83EBDF00EDD264 /* Sources */ = {
			isa = PBXSourcesBuildPhase;
			buildActionMask = 2147483647;
			files = (
				DDC832151A83EC9600EDD264 /* ALUNO.m in Sources */,
				DDC832181A83ECAC00EDD264 /* PROFESSOR.m in Sources */,
				DDC832121A83EC6B00EDD264 /* PESSOA.m in Sources */,
				DDC832041A83EBDF00EDD264 /* main.m in Sources */,
			);
			runOnlyForDeploymentPostprocessing = 0;
		};
/* End PBXSourcesBuildPhase section */

/* Begin XCBuildConfiguration section */
		DDC832051A83EBDF00EDD264 /* Debug */ = {
			isa = XCBuildConfiguration;
			buildSettings = {
				ALWAYS_SEARCH_USER_PATHS = NO;
				CLANG_CXX_LANGUAGE_STANDARD = "gnu++0x";
				CLANG_CXX_LIBRARY = "libc++";
				CLANG_ENABLE_MODULES = YES;
				CLANG_ENABLE_OBJC_ARC = YES;
				CLANG_WARN_BOOL_CONVERSION = YES;
				CLANG_WARN_CONSTANT_CONVERSION = YES;
				CLANG_WARN_DIRECT_OBJC_ISA_USAGE = YES_ERROR;
				CLANG_WARN_EMPTY_BODY = YES;
				CLANG_WARN_ENUM_CONVERSION = YES;
				CLANG_WARN_INT_CONVERSION = YES;
				CLANG_WARN_OBJC_ROOT_CLASS = YES_ERROR;
				CLANG_WARN_UNREACHABLE_CODE = YES;
				CLANG_WARN__DUPLICATE_METHOD_MATCH = YES;
				COPY_PHASE_STRIP = NO;
				ENABLE_STRICT_OBJC_MSGSEND = YES;
				GCC_C_LANGUAGE_STANDARD = gnu99;
				GCC_DYNAMIC_NO_PIC = NO;
				GCC_OPTIMIZATION_LEVEL = 0;
				GCC_PREPROCESSOR_DEFINITIONS = (
					"DEBUG=1",
					"$(inherited)",
				);
				GCC_SYMBOLS_PRIVATE_EXTERN = NO;
				GCC_WARN_64_TO_32_BIT_CONVERSION = YES;
				GCC_WARN_ABOUT_RETURN_TYPE = YES_ERROR;
				GCC_WARN_UNDECLARED_SELECTOR = YES;
				GCC_WARN_UNINITIALIZED_AUTOS = YES_AGGRESSIVE;
				GCC_WARN_UNUSED_FUNCTION = YES;
				GCC_WARN_UNUSED_VARIABLE = YES;
				MACOSX_DEPLOYMENT_TARGET = 10.10;
				MTL_ENABLE_DEBUG_INFO = YES;
				ONLY_ACTIVE_ARCH = YES;
				SDKROOT = macosx;
			};
			name = Debug;
		};
		DDC832061A83EBDF00EDD264 /* Release */ = {
			isa = XCBuildConfiguration;
			buildSettings = {
				ALWAYS_SEARCH_USER_PATHS = NO;
				CLANG_CXX_LANGUAGE_STANDARD = "gnu++0x";
				CLANG_CXX_LIBRARY = "libc++";
				CLANG_ENABLE_MODULES = YES;
				CLANG_ENABLE_OBJC_ARC = YES;
				CLANG_WARN_BOOL_CONVERSION = YES;
				CLANG_WARN_CONSTANT_CONVERSION = YES;
				CLANG_WARN_DIRECT_OBJC_ISA_USAGE = YES_ERROR;
				CLANG_WARN_EMPTY_BODY = YES;
				CLANG_WARN_ENUM_CONVERSION = YES;
				CLANG_WARN_INT_CONVERSION = YES;
				CLANG_WARN_OBJC_ROOT_CLASS = YES_ERROR;
				CLANG_WARN_UNREACHABLE_CODE = YES;
				CLANG_WARN__DUPLICATE_METHOD_MATCH = YES;
				COPY_PHASE_STRIP = YES;
				DEBUG_INFORMATION_FORMAT = "dwarf-with-dsym";
				ENABLE_NS_ASSERTIONS = NO;
				ENABLE_STRICT_OBJC_MSGSEND = YES;
				GCC_C_LANGUAGE_STANDARD = gnu99;
				GCC_WARN_64_TO_32_BIT_CONVERSION = YES;
				GCC_WARN_ABOUT_RETURN_TYPE = YES_ERROR;
				GCC_WARN_UNDECLARED_SELECTOR = YES;
				GCC_WARN_UNINITIALIZED_AUTOS = YES_AGGRESSIVE;
				GCC_WARN_UNUSED_FUNCTION = YES;
				GCC_WARN_UNUSED_VARIABLE = YES;
				MACOSX_DEPLOYMENT_TARGET = 10.10;
				MTL_ENABLE_DEBUG_INFO = NO;
				SDKROOT = macosx;
			};
			name = Release;
		};
		DDC832081A83EBDF00EDD264 /* Debug */ = {
			isa = XCBuildConfiguration;
			buildSettings = {
				PRODUCT_NAME = "$(TARGET_NAME)";
			};
			name = Debug;
		};
		DDC832091A83EBDF00EDD264 /* Release */ = {
			isa = XCBuildConfiguration;
			buildSettings = {
				PRODUCT_NAME = "$(TARGET_NAME)";
			};
			name = Release;
		};
/* End XCBuildConfiguration section */

/* Begin XCConfigurationList section */
		DDC831FB1A83EBDF00EDD264 /* Build configuration list for PBXProject "projeto 2.2" */ = {
			isa = XCConfigurationList;
			buildConfigurations = (
				DDC832051A83EBDF00EDD264 /* Debug */,
				DDC832061A83EBDF00EDD264 /* Release */,
			);
			defaultConfigurationIsVisible = 0;
			defaultConfigurationName = Release;
		};
		DDC832071A83EBDF00EDD264 /* Build configuration list for PBXNativeTarget "projeto 2.2" */ = {
			isa = XCConfigurationList;
			buildConfigurations = (
				DDC832081A83EBDF00EDD264 /* Debug */,
				DDC832091A83EBDF00EDD264 /* Release */,
			);
			defaultConfigurationIsVisible = 0;
		};
/* End XCConfigurationList section */
	};
	rootObject = DDC831F81A83EBDF00EDD264 /* Project object */;
}
